<Solution>
  <Folder Name="/src/" />
  <Folder Name="/src/gateway/">
    <Project Path="src/gateway/JobApplicationAgent.Gateway/JobApplicationAgent.Gateway.csproj" />
  </Folder>
  <Folder Name="/src/services/" />
  <Folder Name="/src/services/Job/">
    <Project Path="src/services/Job/JobApplicationAgent.Job.Application/JobApplicationAgent.Job.Application.csproj" />
    <Project Path="src/services/Job/JobApplicationAgent.Job.Domain/JobApplicationAgent.Job.Domain.csproj" />
    <Project Path="src/services/Job/JobApplicationAgent.Job.Api/JobApplicationAgent.Job.Api.csproj" />
    <Project Path="src/services/Job/JobApplicationAgent.Job.Infrastructure/JobApplicationAgent.Job.Infrastructure.csproj" />
  </Folder>
  <Folder Name="/src/services/Matching/">
    <Project Path="src/services/Matching/JobApplicationAgent.Matching.Api/JobApplicationAgent.Matching.Api.csproj" />
    <Project Path="src/services/Matching/JobApplicationAgent.Matching.Application/JobApplicationAgent.Matching.Application.csproj" />
    <Project Path="src/services/Matching/JobApplicationAgent.Matching.Domain/JobApplicationAgent.Matching.Domain.csproj" />
    <Project Path="src/services/Matching/JobApplicationAgent.Matching.Infrastructure/JobApplicationAgent.Matching.Infrastructure.csproj" />
  </Folder>
  <Folder Name="/src/services/Profile/">
    <Project Path="src/services/Profile/JobApplicationAgent.Profile.Api/JobApplicationAgent.Profile.Api.csproj" />
    <Project Path="src/services/Profile/JobApplicationAgent.Profile.Application/JobApplicationAgent.Profile.Application.csproj" />
    <Project Path="src/services/Profile/JobApplicationAgent.Profile.Domain/JobApplicationAgent.Profile.Domain.csproj" />
    <Project Path="src/services/Profile/JobApplicationAgent.Profile.Infrastructure/JobApplicationAgent.Profile.Infrastructure.csproj" />
  </Folder>
  <Folder Name="/tests/" />
  <Folder Name="/tests/Job/">
    <Project Path="tests/Job/JobApplicationAgent.Job.IntegrationTests/JobApplicationAgent.Job.IntegrationTests.csproj" />
    <Project Path="tests/Job/JobApplicationAgent.Job.UnitTests/JobApplicationAgent.Job.UnitTests.csproj" />
  </Folder>
  <Folder Name="/tests/Profile/">
    <Project Path="tests/Profile/JobApplicationAgent.Profile.IntegrationTests/JobApplicationAgent.Profile.IntegrationTests.csproj" />
    <Project Path="tests/Profile/JobApplicationAgent.Profile.UnitTests/JobApplicationAgent.Profile.UnitTests.csproj" />
  </Folder>
</Solution>
